// !$*UTF8*$!
{
	archiveVersion = 1;
	classes = {
	};
	objectVersion = 77;
	objects = {

/* Begin PBXContainerItemProxy section */
		84434AE12DD1E04600E6E308 /* PBXContainerItemProxy */ = {
			isa = PBXContainerItemProxy;
			containerPortal = 84434ABD2DD1E04400E6E308 /* Project object */;
			proxyType = 1;
			remoteGlobalIDString = 84434AC42DD1E04400E6E308;
			remoteInfo = PasswordPOC;
		};
		84434AEB2DD1E04600E6E308 /* PBXContainerItemProxy */ = {
			isa = PBXContainerItemProxy;
			containerPortal = 84434ABD2DD1E04400E6E308 /* Project object */;
			proxyType = 1;
			remoteGlobalIDString = 84434AC42DD1E04400E6E308;
			remoteInfo = PasswordPOC;
		};
/* End PBXContainerItemProxy section */

/* Begin PBXFileReference section */
		84434AC52DD1E04400E6E308 /* PasswordPOC.app */ = {isa = PBXFileReference; explicitFileType = wrapper.application; includeInIndex = 0; path = PasswordPOC.app; sourceTree = BUILT_PRODUCTS_DIR; };
		84434AE02DD1E04600E6E308 /* PasswordPOCTests.xctest */ = {isa = PBXFileReference; explicitFileType = wrapper.cfbundle; includeInIndex = 0; path = PasswordPOCTests.xctest; sourceTree = BUILT_PRODUCTS_DIR; };
		84434AEA2DD1E04600E6E308 /* PasswordPOCUITests.xctest */ = {isa = PBXFileReference; explicitFileType = wrapper.cfbundle; includeInIndex = 0; path = PasswordPOCUITests.xctest; sourceTree = BUILT_PRODUCTS_DIR; };
/* End PBXFileReference section */

/* Begin PBXFileSystemSynchronizedBuildFileExceptionSet section */
		84434AF22DD1E04600E6E308 /* Exceptions for "PasswordPOC" folder in "PasswordPOC" target */ = {
			isa = PBXFileSystemSynchronizedBuildFileExceptionSet;
			membershipExceptions = (
				Info.plist,
			);
			target = 84434AC42DD1E04400E6E308 /* PasswordPOC */;
		};
/* End PBXFileSystemSynchronizedBuildFileExceptionSet section */

/* Begin PBXFileSystemSynchronizedRootGroup section */
		84434AC72DD1E04400E6E308 /* PasswordPOC */ = {
			isa = PBXFileSystemSynchronizedRootGroup;
			exceptions = (
				84434AF22DD1E04600E6E308 /* Exceptions for "PasswordPOC" folder in "PasswordPOC" target */,
			);
			path = PasswordPOC;
			sourceTree = "<group>";
		};
		84434AE32DD1E04600E6E308 /* PasswordPOCTests */ = {
			isa = PBXFileSystemSynchronizedRootGroup;
			path = PasswordPOCTests;
			sourceTree = "<group>";
		};
		84434AED2DD1E04600E6E308 /* PasswordPOCUITests */ = {
			isa = PBXFileSystemSynchronizedRootGroup;
			path = PasswordPOCUITests;
			sourceTree = "<group>";
		};
/* End PBXFileSystemSynchronizedRootGroup section */

/* Begin PBXFrameworksBuildPhase section */
		84434AC22DD1E04400E6E308 /* Frameworks */ = {
			isa = PBXFrameworksBuildPhase;
			buildActionMask = 2147483647;
			files = (
			);
			runOnlyForDeploymentPostprocessing = 0;
		};
		84434ADD2DD1E04600E6E308 /* Frameworks */ = {
			isa = PBXFrameworksBuildPhase;
			buildActionMask = 2147483647;
			files = (
			);
			runOnlyForDeploymentPostprocessing = 0;
		};
		84434AE72DD1E04600E6E308 /* Frameworks */ = {
			isa = PBXFrameworksBuildPhase;
			buildActionMask = 2147483647;
			files = (
			);
			runOnlyForDeploymentPostprocessing = 0;
		};
/* End PBXFrameworksBuildPhase section */

/* Begin PBXGroup section */
		84434ABC2DD1E04400E6E308 = {
			isa = PBXGroup;
			children = (
				84434AC72DD1E04400E6E308 /* PasswordPOC */,
				84434AE32DD1E04600E6E308 /* PasswordPOCTests */,
				84434AED2DD1E04600E6E308 /* PasswordPOCUITests */,
				84434AC62DD1E04400E6E308 /* Products */,
			);
			sourceTree = "<group>";
		};
		84434AC62DD1E04400E6E308 /* Products */ = {
			isa = PBXGroup;
			children = (
				84434AC52DD1E04400E6E308 /* PasswordPOC.app */,
				84434AE02DD1E04600E6E308 /* PasswordPOCTests.xctest */,
				84434AEA2DD1E04600E6E308 /* PasswordPOCUITests.xctest */,
			);
			name = Products;
			sourceTree = "<group>";
		};
/* End PBXGroup section */

/* Begin PBXNativeTarget section */
		84434AC42DD1E04400E6E308 /* PasswordPOC */ = {
			isa = PBXNativeTarget;
			buildConfigurationList = 84434AF32DD1E04600E6E308 /* Build configuration list for PBXNativeTarget "PasswordPOC" */;
			buildPhases = (
				84434AC12DD1E04400E6E308 /* Sources */,
				84434AC22DD1E04400E6E308 /* Frameworks */,
				84434AC32DD1E04400E6E308 /* Resources */,
			);
			buildRules = (
			);
			dependencies = (
			);
			fileSystemSynchronizedGroups = (
				84434AC72DD1E04400E6E308 /* PasswordPOC */,
			);
			name = PasswordPOC;
			packageProductDependencies = (
			);
			productName = PasswordPOC;
			productReference = 84434AC52DD1E04400E6E308 /* PasswordPOC.app */;
			productType = "com.apple.product-type.application";
		};
		84434ADF2DD1E04600E6E308 /* PasswordPOCTests */ = {
			isa = PBXNativeTarget;
			buildConfigurationList = 84434AF82DD1E04600E6E308 /* Build configuration list for PBXNativeTarget "PasswordPOCTests" */;
			buildPhases = (
				84434ADC2DD1E04600E6E308 /* Sources */,
				84434ADD2DD1E04600E6E308 /* Frameworks */,
				84434ADE2DD1E04600E6E308 /* Resources */,
			);
			buildRules = (
			);
			dependencies = (
				84434AE22DD1E04600E6E308 /* PBXTargetDependency */,
			);
			fileSystemSynchronizedGroups = (
				84434AE32DD1E04600E6E308 /* PasswordPOCTests */,
			);
			name = PasswordPOCTests;
			packageProductDependencies = (
			);
			productName = PasswordPOCTests;
			productReference = 84434AE02DD1E04600E6E308 /* PasswordPOCTests.xctest */;
			productType = "com.apple.product-type.bundle.unit-test";
		};
		84434AE92DD1E04600E6E308 /* PasswordPOCUITests */ = {
			isa = PBXNativeTarget;
			buildConfigurationList = 84434AFB2DD1E04600E6E308 /* Build configuration list for PBXNativeTarget "PasswordPOCUITests" */;
			buildPhases = (
				84434AE62DD1E04600E6E308 /* Sources */,
				84434AE72DD1E04600E6E308 /* Frameworks */,
				84434AE82DD1E04600E6E308 /* Resources */,
			);
			buildRules = (
			);
			dependencies = (
				84434AEC2DD1E04600E6E308 /* PBXTargetDependency */,
			);
			fileSystemSynchronizedGroups = (
				84434AED2DD1E04600E6E308 /* PasswordPOCUITests */,
			);
			name = PasswordPOCUITests;
			packageProductDependencies = (
			);
			productName = PasswordPOCUITests;
			productReference = 84434AEA2DD1E04600E6E308 /* PasswordPOCUITests.xctest */;
			productType = "com.apple.product-type.bundle.ui-testing";
		};
/* End PBXNativeTarget section */

/* Begin PBXProject section */
		84434ABD2DD1E04400E6E308 /* Project object */ = {
			isa = PBXProject;
			attributes = {
				BuildIndependentTargetsInParallel = 1;
				LastUpgradeCheck = 1620;
				TargetAttributes = {
					84434AC42DD1E04400E6E308 = {
						CreatedOnToolsVersion = 16.2;
					};
					84434ADF2DD1E04600E6E308 = {
						CreatedOnToolsVersion = 16.2;
						TestTargetID = 84434AC42DD1E04400E6E308;
					};
					84434AE92DD1E04600E6E308 = {
						CreatedOnToolsVersion = 16.2;
						TestTargetID = 84434AC42DD1E04400E6E308;
					};
				};
			};
			buildConfigurationList = 84434AC02DD1E04400E6E308 /* Build configuration list for PBXProject "PasswordPOC" */;
			developmentRegion = en;
			hasScannedForEncodings = 0;
			knownRegions = (
				en,
				Base,
			);
			mainGroup = 84434ABC2DD1E04400E6E308;
			minimizedProjectReferenceProxies = 1;
			preferredProjectObjectVersion = 77;
			productRefGroup = 84434AC62DD1E04400E6E308 /* Products */;
			projectDirPath = "";
			projectRoot = "";
			targets = (
				84434AC42DD1E04400E6E308 /* PasswordPOC */,
				84434ADF2DD1E04600E6E308 /* PasswordPOCTests */,
				84434AE92DD1E04600E6E308 /* PasswordPOCUITests */,
			);
		};
/* End PBXProject section */

/* Begin PBXResourcesBuildPhase section */
		84434AC32DD1E04400E6E308 /* Resources */ = {
			isa = PBXResourcesBuildPhase;
			buildActionMask = 2147483647;
			files = (
			);
			runOnlyForDeploymentPostprocessing = 0;
		};
		84434ADE2DD1E04600E6E308 /* Resources */ = {
			isa = PBXResourcesBuildPhase;
			buildActionMask = 2147483647;
			files = (
			);
			runOnlyForDeploymentPostprocessing = 0;
		};
		84434AE82DD1E04600E6E308 /* Resources */ = {
			isa = PBXResourcesBuildPhase;
			buildActionMask = 2147483647;
			files = (
			);
			runOnlyForDeploymentPostprocessing = 0;
		};
/* End PBXResourcesBuildPhase section */

/* Begin PBXSourcesBuildPhase section */
		84434AC12DD1E04400E6E308 /* Sources */ = {
			isa = PBXSourcesBuildPhase;
			buildActionMask = 2147483647;
			files = (
			);
			runOnlyForDeploymentPostprocessing = 0;
		};
		84434ADC2DD1E04600E6E308 /* Sources */ = {
			isa = PBXSourcesBuildPhase;
			buildActionMask = 2147483647;
			files = (
			);
			runOnlyForDeploymentPostprocessing = 0;
		};
		84434AE62DD1E04600E6E308 /* Sources */ = {
			isa = PBXSourcesBuildPhase;
			buildActionMask = 2147483647;
			files = (
			);
			runOnlyForDeploymentPostprocessing = 0;
		};
/* End PBXSourcesBuildPhase section */

/* Begin PBXTargetDependency section */
		84434AE22DD1E04600E6E308 /* PBXTargetDependency */ = {
			isa = PBXTargetDependency;
			target = 84434AC42DD1E04400E6E308 /* PasswordPOC */;
			targetProxy = 84434AE12DD1E04600E6E308 /* PBXContainerItemProxy */;
		};
		84434AEC2DD1E04600E6E308 /* PBXTargetDependency */ = {
			isa = PBXTargetDependency;
			target = 84434AC42DD1E04400E6E308 /* PasswordPOC */;
			targetProxy = 84434AEB2DD1E04600E6E308 /* PBXContainerItemProxy */;
		};
/* End PBXTargetDependency section */

/* Begin XCBuildConfiguration section */
		84434AF42DD1E04600E6E308 /* Debug */ = {
			isa = XCBuildConfiguration;
			buildSettings = {
				ASSETCATALOG_COMPILER_APPICON_NAME = AppIcon;
				ASSETCATALOG_COMPILER_GLOBAL_ACCENT_COLOR_NAME = AccentColor;
				CODE_SIGN_STYLE = Automatic;
				CURRENT_PROJECT_VERSION = 1;
				DEVELOPMENT_TEAM = G3G9SFK8K9;
				GENERATE_INFOPLIST_FILE = YES;
				INFOPLIST_FILE = PasswordPOC/Info.plist;
				INFOPLIST_KEY_UIApplicationSupportsIndirectInputEvents = YES;
				INFOPLIST_KEY_UILaunchStoryboardName = LaunchScreen;
				INFOPLIST_KEY_UIMainStoryboardFile = Main;
				INFOPLIST_KEY_UISupportedInterfaceOrientations_iPad = "UIInterfaceOrientationPortrait UIInterfaceOrientationPortraitUpsideDown UIInterfaceOrientationLandscapeLeft UIInterfaceOrientationLandscapeRight";
				INFOPLIST_KEY_UISupportedInterfaceOrientations_iPhone = "UIInterfaceOrientationPortrait UIInterfaceOrientationLandscapeLeft UIInterfaceOrientationLandscapeRight";
				LD_RUNPATH_SEARCH_PATHS = (
					"$(inherited)",
					"@executable_path/Frameworks",
				);
				MARKETING_VERSION = 1.0;
				PRODUCT_BUNDLE_IDENTIFIER = com.gohar.TheWeather.PasswordPOC;
				PRODUCT_NAME = "$(TARGET_NAME)";
				SWIFT_EMIT_LOC_STRINGS = YES;
				TARGETED_DEVICE_FAMILY = "1,2";
			};
			name = Debug;
		};
		84434AF52DD1E04600E6E308 /* Release */ = {
			isa = XCBuildConfiguration;
			buildSettings = {
				ASSETCATALOG_COMPILER_APPICON_NAME = AppIcon;
				ASSETCATALOG_COMPILER_GLOBAL_ACCENT_COLOR_NAME = AccentColor;
				CODE_SIGN_STYLE = Automatic;
				CURRENT_PROJECT_VERSION = 1;
				DEVELOPMENT_TEAM = G3G9SFK8K9;
				GENERATE_INFOPLIST_FILE = YES;
				INFOPLIST_FILE = PasswordPOC/Info.plist;
				INFOPLIST_KEY_UIApplicationSupportsIndirectInputEvents = YES;
				INFOPLIST_KEY_UILaunchStoryboardName = LaunchScreen;
				INFOPLIST_KEY_UIMainStoryboardFile = Main;
				INFOPLIST_KEY_UISupportedInterfaceOrientations_iPad = "UIInterfaceOrientationPortrait UIInterfaceOrientationPortraitUpsideDown UIInterfaceOrientationLandscapeLeft UIInterfaceOrientationLandscapeRight";
				INFOPLIST_KEY_UISupportedInterfaceOrientations_iPhone = "UIInterfaceOrientationPortrait UIInterfaceOrientationLandscapeLeft UIInterfaceOrientationLandscapeRight";
				LD_RUNPATH_SEARCH_PATHS = (
					"$(inherited)",
					"@executable_path/Frameworks",
				);
				MARKETING_VERSION = 1.0;
				PRODUCT_BUNDLE_IDENTIFIER = com.gohar.TheWeather.PasswordPOC;
				PRODUCT_NAME = "$(TARGET_NAME)";
				SWIFT_EMIT_LOC_STRINGS = YES;
				TARGETED_DEVICE_FAMILY = "1,2";
			};
			name = Release;
		};
		84434AF62DD1E04600E6E308 /* Debug */ = {
			isa = XCBuildConfiguration;
			buildSettings = {
				ALWAYS_SEARCH_USER_PATHS = NO;
				ASSETCATALOG_COMPILER_GENERATE_SWIFT_ASSET_SYMBOL_EXTENSIONS = YES;
				CLANG_ANALYZER_NONNULL = YES;
				CLANG_ANALYZER_NUMBER_OBJECT_CONVERSION = YES_AGGRESSIVE;
				CLANG_CXX_LANGUAGE_STANDARD = "gnu++20";
				CLANG_ENABLE_MODULES = YES;
				CLANG_ENABLE_OBJC_ARC = YES;
				CLANG_ENABLE_OBJC_WEAK = YES;
				CLANG_WARN_BLOCK_CAPTURE_AUTORELEASING = YES;
				CLANG_WARN_BOOL_CONVERSION = YES;
				CLANG_WARN_COMMA = YES;
				CLANG_WARN_CONSTANT_CONVERSION = YES;
				CLANG_WARN_DEPRECATED_OBJC_IMPLEMENTATIONS = YES;
				CLANG_WARN_DIRECT_OBJC_ISA_USAGE = YES_ERROR;
				CLANG_WARN_DOCUMENTATION_COMMENTS = YES;
				CLANG_WARN_EMPTY_BODY = YES;
				CLANG_WARN_ENUM_CONVERSION = YES;
				CLANG_WARN_INFINITE_RECURSION = YES;
				CLANG_WARN_INT_CONVERSION = YES;
				CLANG_WARN_NON_LITERAL_NULL_CONVERSION = YES;
				CLANG_WARN_OBJC_IMPLICIT_RETAIN_SELF = YES;
				CLANG_WARN_OBJC_LITERAL_CONVERSION = YES;
				CLANG_WARN_OBJC_ROOT_CLASS = YES_ERROR;
				CLANG_WARN_QUOTED_INCLUDE_IN_FRAMEWORK_HEADER = YES;
				CLANG_WARN_RANGE_LOOP_ANALYSIS = YES;
				CLANG_WARN_STRICT_PROTOTYPES = YES;
				CLANG_WARN_SUSPICIOUS_MOVE = YES;
				CLANG_WARN_UNGUARDED_AVAILABILITY = YES_AGGRESSIVE;
				CLANG_WARN_UNREACHABLE_CODE = YES;
				CLANG_WARN__DUPLICATE_METHOD_MATCH = YES;
				COPY_PHASE_STRIP = NO;
				DEBUG_INFORMATION_FORMAT = dwarf;
				ENABLE_STRICT_OBJC_MSGSEND = YES;
				ENABLE_TESTABILITY = YES;
				ENABLE_USER_SCRIPT_SANDBOXING = YES;
				GCC_C_LANGUAGE_STANDARD = gnu17;
				GCC_DYNAMIC_NO_PIC = NO;
				GCC_NO_COMMON_BLOCKS = YES;
				GCC_OPTIMIZATION_LEVEL = 0;
				GCC_PREPROCESSOR_DEFINITIONS = (
					"DEBUG=1",
					"$(inherited)",
				);
				GCC_WARN_64_TO_32_BIT_CONVERSION = YES;
				GCC_WARN_ABOUT_RETURN_TYPE = YES_ERROR;
				GCC_WARN_UNDECLARED_SELECTOR = YES;
				GCC_WARN_UNINITIALIZED_AUTOS = YES_AGGRESSIVE;
				GCC_WARN_UNUSED_FUNCTION = YES;
				GCC_WARN_UNUSED_VARIABLE = YES;
				IPHONEOS_DEPLOYMENT_TARGET = 18.2;
				LOCALIZATION_PREFERS_STRING_CATALOGS = YES;
				MTL_ENABLE_DEBUG_INFO = INCLUDE_SOURCE;
				MTL_FAST_MATH = YES;
				ONLY_ACTIVE_ARCH = YES;
				SDKROOT = iphoneos;
			};
			name = Debug;
		};
		84434AF72DD1E04600E6E308 /* Release */ = {
			isa = XCBuildConfiguration;
			buildSettings = {
				ALWAYS_SEARCH_USER_PATHS = NO;
				ASSETCATALOG_COMPILER_GENERATE_SWIFT_ASSET_SYMBOL_EXTENSIONS = YES;
				CLANG_ANALYZER_NONNULL = YES;
				CLANG_ANALYZER_NUMBER_OBJECT_CONVERSION = YES_AGGRESSIVE;
				CLANG_CXX_LANGUAGE_STANDARD = "gnu++20";
				CLANG_ENABLE_MODULES = YES;
				CLANG_ENABLE_OBJC_ARC = YES;
				CLANG_ENABLE_OBJC_WEAK = YES;
				CLANG_WARN_BLOCK_CAPTURE_AUTORELEASING = YES;
				CLANG_WARN_BOOL_CONVERSION = YES;
				CLANG_WARN_COMMA = YES;
				CLANG_WARN_CONSTANT_CONVERSION = YES;
				CLANG_WARN_DEPRECATED_OBJC_IMPLEMENTATIONS = YES;
				CLANG_WARN_DIRECT_OBJC_ISA_USAGE = YES_ERROR;
				CLANG_WARN_DOCUMENTATION_COMMENTS = YES;
				CLANG_WARN_EMPTY_BODY = YES;
				CLANG_WARN_ENUM_CONVERSION = YES;
				CLANG_WARN_INFINITE_RECURSION = YES;
				CLANG_WARN_INT_CONVERSION = YES;
				CLANG_WARN_NON_LITERAL_NULL_CONVERSION = YES;
				CLANG_WARN_OBJC_IMPLICIT_RETAIN_SELF = YES;
				CLANG_WARN_OBJC_LITERAL_CONVERSION = YES;
				CLANG_WARN_OBJC_ROOT_CLASS = YES_ERROR;
				CLANG_WARN_QUOTED_INCLUDE_IN_FRAMEWORK_HEADER = YES;
				CLANG_WARN_RANGE_LOOP_ANALYSIS = YES;
				CLANG_WARN_STRICT_PROTOTYPES = YES;
				CLANG_WARN_SUSPICIOUS_MOVE = YES;
				CLANG_WARN_UNGUARDED_AVAILABILITY = YES_AGGRESSIVE;
				CLANG_WARN_UNREACHABLE_CODE = YES;
				CLANG_WARN__DUPLICATE_METHOD_MATCH = YES;
				COPY_PHASE_STRIP = NO;
				DEBUG_INFORMATION_FORMAT = "dwarf-with-dsym";
				ENABLE_NS_ASSERTIONS = NO;
				ENABLE_STRICT_OBJC_MSGSEND = YES;
				ENABLE_USER_SCRIPT_SANDBOXING = YES;
				GCC_C_LANGUAGE_STANDARD = gnu17;
				GCC_NO_COMMON_BLOCKS = YES;
				GCC_WARN_64_TO_32_BIT_CONVERSION = YES;
				GCC_WARN_ABOUT_RETURN_TYPE = YES_ERROR;
				GCC_WARN_UNDECLARED_SELECTOR = YES;
				GCC_WARN_UNINITIALIZED_AUTOS = YES_AGGRESSIVE;
				GCC_WARN_UNUSED_FUNCTION = YES;
				GCC_WARN_UNUSED_VARIABLE = YES;
				IPHONEOS_DEPLOYMENT_TARGET = 18.2;
				LOCALIZATION_PREFERS_STRING_CATALOGS = YES;
				MTL_ENABLE_DEBUG_INFO = NO;
				MTL_FAST_MATH = YES;
				SDKROOT = iphoneos;
				VALIDATE_PRODUCT = YES;
			};
			name = Release;
		};
		84434AF92DD1E04600E6E308 /* Debug */ = {
			isa = XCBuildConfiguration;
			buildSettings = {
				BUNDLE_LOADER = "$(TEST_HOST)";
				CODE_SIGN_STYLE = Automatic;
				CURRENT_PROJECT_VERSION = 1;
				DEVELOPMENT_TEAM = G3G9SFK8K9;
				GENERATE_INFOPLIST_FILE = YES;
				IPHONEOS_DEPLOYMENT_TARGET = 18.2;
				MARKETING_VERSION = 1.0;
				PRODUCT_BUNDLE_IDENTIFIER = com.gohar.TheWeather.PasswordPOCTests;
				PRODUCT_NAME = "$(TARGET_NAME)";
				SWIFT_EMIT_LOC_STRINGS = NO;
				TARGETED_DEVICE_FAMILY = "1,2";
				TEST_HOST = "$(BUILT_PRODUCTS_DIR)/PasswordPOC.app/$(BUNDLE_EXECUTABLE_FOLDER_PATH)/PasswordPOC";
			};
			name = Debug;
		};
		84434AFA2DD1E04600E6E308 /* Release */ = {
			isa = XCBuildConfiguration;
			buildSettings = {
				BUNDLE_LOADER = "$(TEST_HOST)";
				CODE_SIGN_STYLE = Automatic;
				CURRENT_PROJECT_VERSION = 1;
				DEVELOPMENT_TEAM = G3G9SFK8K9;
				GENERATE_INFOPLIST_FILE = YES;
				IPHONEOS_DEPLOYMENT_TARGET = 18.2;
				MARKETING_VERSION = 1.0;
				PRODUCT_BUNDLE_IDENTIFIER = com.gohar.TheWeather.PasswordPOCTests;
				PRODUCT_NAME = "$(TARGET_NAME)";
				SWIFT_EMIT_LOC_STRINGS = NO;
				TARGETED_DEVICE_FAMILY = "1,2";
				TEST_HOST = "$(BUILT_PRODUCTS_DIR)/PasswordPOC.app/$(BUNDLE_EXECUTABLE_FOLDER_PATH)/PasswordPOC";
			};
			name = Release;
		};
		84434AFC2DD1E04600E6E308 /* Debug */ = {
			isa = XCBuildConfiguration;
			buildSettings = {
				CODE_SIGN_STYLE = Automatic;
				CURRENT_PROJECT_VERSION = 1;
				DEVELOPMENT_TEAM = G3G9SFK8K9;
				GENERATE_INFOPLIST_FILE = YES;
				MARKETING_VERSION = 1.0;
				PRODUCT_BUNDLE_IDENTIFIER = com.gohar.TheWeather.PasswordPOCUITests;
				PRODUCT_NAME = "$(TARGET_NAME)";
				SWIFT_EMIT_LOC_STRINGS = NO;
				TARGETED_DEVICE_FAMILY = "1,2";
				TEST_TARGET_NAME = PasswordPOC;
			};
			name = Debug;
		};
		84434AFD2DD1E04600E6E308 /* Release */ = {
			isa = XCBuildConfiguration;
			buildSettings = {
				CODE_SIGN_STYLE = Automatic;
				CURRENT_PROJECT_VERSION = 1;
				DEVELOPMENT_TEAM = G3G9SFK8K9;
				GENERATE_INFOPLIST_FILE = YES;
				MARKETING_VERSION = 1.0;
				PRODUCT_BUNDLE_IDENTIFIER = com.gohar.TheWeather.PasswordPOCUITests;
				PRODUCT_NAME = "$(TARGET_NAME)";
				SWIFT_EMIT_LOC_STRINGS = NO;
				TARGETED_DEVICE_FAMILY = "1,2";
				TEST_TARGET_NAME = PasswordPOC;
			};
			name = Release;
		};
/* End XCBuildConfiguration section */

/* Begin XCConfigurationList section */
		84434AC02DD1E04400E6E308 /* Build configuration list for PBXProject "PasswordPOC" */ = {
			isa = XCConfigurationList;
			buildConfigurations = (
				84434AF62DD1E04600E6E308 /* Debug */,
				84434AF72DD1E04600E6E308 /* Release */,
			);
			defaultConfigurationIsVisible = 0;
			defaultConfigurationName = Release;
		};
		84434AF32DD1E04600E6E308 /* Build configuration list for PBXNativeTarget "PasswordPOC" */ = {
			isa = XCConfigurationList;
			buildConfigurations = (
				84434AF42DD1E04600E6E308 /* Debug */,
				84434AF52DD1E04600E6E308 /* Release */,
			);
			defaultConfigurationIsVisible = 0;
			defaultConfigurationName = Release;
		};
		84434AF82DD1E04600E6E308 /* Build configuration list for PBXNativeTarget "PasswordPOCTests" */ = {
			isa = XCConfigurationList;
			buildConfigurations = (
				84434AF92DD1E04600E6E308 /* Debug */,
				84434AFA2DD1E04600E6E308 /* Release */,
			);
			defaultConfigurationIsVisible = 0;
			defaultConfigurationName = Release;
		};
		84434AFB2DD1E04600E6E308 /* Build configuration list for PBXNativeTarget "PasswordPOCUITests" */ = {
			isa = XCConfigurationList;
			buildConfigurations = (
				84434AFC2DD1E04600E6E308 /* Debug */,
				84434AFD2DD1E04600E6E308 /* Release */,
			);
			defaultConfigurationIsVisible = 0;
			defaultConfigurationName = Release;
		};
/* End XCConfigurationList section */
	};
	rootObject = 84434ABD2DD1E04400E6E308 /* Project object */;
}
